
Microsoft Visual Studio Solution File, Format Version 12.00
# Visual Studio Version 17
VisualStudioVersion = 17.2.32616.157
MinimumVisualStudioVersion = 10.0.40219.1
Project("{FAE04EC0-301F-11D3-BF4B-00C04F79EFBC}") = "LargestAndSecLargest", "LargestAndSecLargest\LargestAndSecLargest.csproj", "{66B71123-F627-414A-AE79-41D296E9724E}"
EndProject
Global
	GlobalSection(SolutionConfigurationPlatforms) = preSolution
		Debug|Any CPU = Debug|Any CPU
		Release|Any CPU = Release|Any CPU
	EndGlobalSection
	GlobalSection(ProjectConfigurationPlatforms) = postSolution
		{66B71123-F627-414A-AE79-41D296E9724E}.Debug|Any CPU.ActiveCfg = Debug|Any CPU
		{66B71123-F627-414A-AE79-41D296E9724E}.Debug|Any CPU.Build.0 = Debug|Any CPU
		{66B71123-F627-414A-AE79-41D296E9724E}.Release|Any CPU.ActiveCfg = Release|Any CPU
		{66B71123-F627-414A-AE79-41D296E9724E}.Release|Any CPU.Build.0 = Release|Any CPU
	EndGlobalSection
	GlobalSection(SolutionProperties) = preSolution
		HideSolutionNode = FALSE
	EndGlobalSection
	GlobalSection(ExtensibilityGlobals) = postSolution
		SolutionGuid = {A640ED91-FC6C-405B-AC70-0767F28E6AB1}
	EndGlobalSection
EndGlobal
